{
  "name": "myblog",
  "version": "2.0.00-beta",
  "lockfileVersion": 1,
  "requires": true,
  "dependencies": {
    "hammerjs": {
      "version": "2.0.8",
      "resolved": "http://registry.npm.taobao.org/hammerjs/download/hammerjs-2.0.8.tgz",
      "integrity": "sha1-BO93hiz/K7edMPdpIJWTAiK/YPE="
    },
    "ks-vue-fullpage": {
      "version": "1.2.8",
      "resolved": "http://registry.npm.taobao.org/ks-vue-fullpage/download/ks-vue-fullpage-1.2.8.tgz",
      "integrity": "sha1-ofdhSOFLM4hDdlAofmFWvv1fico=",
      "requires": {
        "hammerjs": "2.0.8",
        "velocity-animate": "1.5.2"
      }
    },
    "velocity-animate": {
      "version": "1.5.2",
      "resolved": "http://registry.npm.taobao.org/velocity-animate/download/velocity-animate-1.5.2.tgz",
      "integrity": "sha1-WjUddfyiqSdW9cOGdUi4c/bDIQU="
    }
  }
}
